
Microsoft Visual Studio Solution File, Format Version 12.00
# Visual Studio Version 16
VisualStudioVersion = 16.0.30621.155
MinimumVisualStudioVersion = 10.0.40219.1
Project("{FAE04EC0-301F-11D3-BF4B-00C04F79EFBC}") = "SimpleProjectManager.Module", "SimpleProjectManager.Module\SimpleProjectManager.Module.csproj", "{3D33712B-93F7-4D2B-BD9C-FB91B8957DD7}"
EndProject
Project("{FAE04EC0-301F-11D3-BF4B-00C04F79EFBC}") = "SimpleProjectManager.Module.Web", "SimpleProjectManager.Module.Web\SimpleProjectManager.Module.Web.csproj", "{F222B79C-90DF-4C36-9646-16D3BE2593B8}"
EndProject
Project("{FAE04EC0-301F-11D3-BF4B-00C04F79EFBC}") = "SimpleProjectManager.Web", "SimpleProjectManager.Web\SimpleProjectManager.Web.csproj", "{4DBAD540-9E19-49FA-8339-714417DBCFDB}"
EndProject
Project("{FAE04EC0-301F-11D3-BF4B-00C04F79EFBC}") = "SimpleProjectManager.Module.Win", "SimpleProjectManager.Module.Win\SimpleProjectManager.Module.Win.csproj", "{52F6B2FF-060A-4481-A1C0-BA6CB61ACBFD}"
EndProject
Project("{FAE04EC0-301F-11D3-BF4B-00C04F79EFBC}") = "SimpleProjectManager.Win", "SimpleProjectManager.Win\SimpleProjectManager.Win.csproj", "{C1410873-6A87-4C25-9272-A7A44C6B0123}"
EndProject
Global
	GlobalSection(SolutionConfigurationPlatforms) = preSolution
		Debug|Any CPU = Debug|Any CPU
		EasyTest|Any CPU = EasyTest|Any CPU
		Release|Any CPU = Release|Any CPU
	EndGlobalSection
	GlobalSection(ProjectConfigurationPlatforms) = postSolution
		{3D33712B-93F7-4D2B-BD9C-FB91B8957DD7}.Debug|Any CPU.ActiveCfg = Debug|Any CPU
		{3D33712B-93F7-4D2B-BD9C-FB91B8957DD7}.Debug|Any CPU.Build.0 = Debug|Any CPU
		{3D33712B-93F7-4D2B-BD9C-FB91B8957DD7}.EasyTest|Any CPU.ActiveCfg = EasyTest|Any CPU
		{3D33712B-93F7-4D2B-BD9C-FB91B8957DD7}.EasyTest|Any CPU.Build.0 = EasyTest|Any CPU
		{3D33712B-93F7-4D2B-BD9C-FB91B8957DD7}.Release|Any CPU.ActiveCfg = Release|Any CPU
		{3D33712B-93F7-4D2B-BD9C-FB91B8957DD7}.Release|Any CPU.Build.0 = Release|Any CPU
		{F222B79C-90DF-4C36-9646-16D3BE2593B8}.Debug|Any CPU.ActiveCfg = Debug|Any CPU
		{F222B79C-90DF-4C36-9646-16D3BE2593B8}.Debug|Any CPU.Build.0 = Debug|Any CPU
		{F222B79C-90DF-4C36-9646-16D3BE2593B8}.EasyTest|Any CPU.ActiveCfg = EasyTest|Any CPU
		{F222B79C-90DF-4C36-9646-16D3BE2593B8}.EasyTest|Any CPU.Build.0 = EasyTest|Any CPU
		{F222B79C-90DF-4C36-9646-16D3BE2593B8}.Release|Any CPU.ActiveCfg = Release|Any CPU
		{F222B79C-90DF-4C36-9646-16D3BE2593B8}.Release|Any CPU.Build.0 = Release|Any CPU
		{4DBAD540-9E19-49FA-8339-714417DBCFDB}.Debug|Any CPU.ActiveCfg = Debug|Any CPU
		{4DBAD540-9E19-49FA-8339-714417DBCFDB}.Debug|Any CPU.Build.0 = Debug|Any CPU
		{4DBAD540-9E19-49FA-8339-714417DBCFDB}.EasyTest|Any CPU.ActiveCfg = EasyTest|Any CPU
		{4DBAD540-9E19-49FA-8339-714417DBCFDB}.EasyTest|Any CPU.Build.0 = EasyTest|Any CPU
		{4DBAD540-9E19-49FA-8339-714417DBCFDB}.Release|Any CPU.ActiveCfg = Release|Any CPU
		{4DBAD540-9E19-49FA-8339-714417DBCFDB}.Release|Any CPU.Build.0 = Release|Any CPU
		{52F6B2FF-060A-4481-A1C0-BA6CB61ACBFD}.Debug|Any CPU.ActiveCfg = Debug|Any CPU
		{52F6B2FF-060A-4481-A1C0-BA6CB61ACBFD}.Debug|Any CPU.Build.0 = Debug|Any CPU
		{52F6B2FF-060A-4481-A1C0-BA6CB61ACBFD}.EasyTest|Any CPU.ActiveCfg = EasyTest|Any CPU
		{52F6B2FF-060A-4481-A1C0-BA6CB61ACBFD}.EasyTest|Any CPU.Build.0 = EasyTest|Any CPU
		{52F6B2FF-060A-4481-A1C0-BA6CB61ACBFD}.Release|Any CPU.ActiveCfg = Release|Any CPU
		{52F6B2FF-060A-4481-A1C0-BA6CB61ACBFD}.Release|Any CPU.Build.0 = Release|Any CPU
		{C1410873-6A87-4C25-9272-A7A44C6B0123}.Debug|Any CPU.ActiveCfg = Debug|Any CPU
		{C1410873-6A87-4C25-9272-A7A44C6B0123}.Debug|Any CPU.Build.0 = Debug|Any CPU
		{C1410873-6A87-4C25-9272-A7A44C6B0123}.EasyTest|Any CPU.ActiveCfg = EasyTest|Any CPU
		{C1410873-6A87-4C25-9272-A7A44C6B0123}.EasyTest|Any CPU.Build.0 = EasyTest|Any CPU
		{C1410873-6A87-4C25-9272-A7A44C6B0123}.Release|Any CPU.ActiveCfg = Release|Any CPU
		{C1410873-6A87-4C25-9272-A7A44C6B0123}.Release|Any CPU.Build.0 = Release|Any CPU
	EndGlobalSection
	GlobalSection(SolutionProperties) = preSolution
		HideSolutionNode = FALSE
	EndGlobalSection
	GlobalSection(ExtensibilityGlobals) = postSolution
		SolutionGuid = {165F75C9-2651-44CF-A97B-024D2B63E4EF}
	EndGlobalSection
EndGlobal
